
Microsoft Visual Studio Solution File, Format Version 12.00
Project("{FAE04EC0-301F-11D3-BF4B-00C04F79EFBC}") = "MyFirstApp", "MyFirstApp\MyFirstApp.csproj", "{ED7BC621-5A7D-423F-8339-C16EB08DBB5B}"
EndProject
Global
	GlobalSection(SolutionConfigurationPlatforms) = preSolution
		Debug|Any CPU = Debug|Any CPU
		Release|Any CPU = Release|Any CPU
	EndGlobalSection
	GlobalSection(ProjectConfigurationPlatforms) = postSolution
		{ED7BC621-5A7D-423F-8339-C16EB08DBB5B}.Debug|Any CPU.ActiveCfg = Debug|Any CPU
		{ED7BC621-5A7D-423F-8339-C16EB08DBB5B}.Debug|Any CPU.Build.0 = Debug|Any CPU
		{ED7BC621-5A7D-423F-8339-C16EB08DBB5B}.Release|Any CPU.ActiveCfg = Release|Any CPU
		{ED7BC621-5A7D-423F-8339-C16EB08DBB5B}.Release|Any CPU.Build.0 = Release|Any CPU
	EndGlobalSection
EndGlobal
